
Microsoft Visual Studio Solution File, Format Version 12.00
# Visual Studio Version 17
VisualStudioVersion = 17.7.34031.279
MinimumVisualStudioVersion = 10.0.40219.1
Project("{FAE04EC0-301F-11D3-BF4B-00C04F79EFBC}") = "TemplateBackend", "TemplateBackend.csproj", "{A95FC6F6-73B9-45E5-A4F4-2254221C5492}"
EndProject
Global
	GlobalSection(SolutionConfigurationPlatforms) = preSolution
		Debug|Any CPU = Debug|Any CPU
		Release|Any CPU = Release|Any CPU
	EndGlobalSection
	GlobalSection(ProjectConfigurationPlatforms) = postSolution
		{A95FC6F6-73B9-45E5-A4F4-2254221C5492}.Debug|Any CPU.ActiveCfg = Debug|Any CPU
		{A95FC6F6-73B9-45E5-A4F4-2254221C5492}.Debug|Any CPU.Build.0 = Debug|Any CPU
		{A95FC6F6-73B9-45E5-A4F4-2254221C5492}.Release|Any CPU.ActiveCfg = Release|Any CPU
		{A95FC6F6-73B9-45E5-A4F4-2254221C5492}.Release|Any CPU.Build.0 = Release|Any CPU
	EndGlobalSection
	GlobalSection(SolutionProperties) = preSolution
		HideSolutionNode = FALSE
	EndGlobalSection
	GlobalSection(ExtensibilityGlobals) = postSolution
		SolutionGuid = {53EB1455-CD12-4AD7-B6EE-B6307E321CF1}
	EndGlobalSection
EndGlobal
